
Microsoft Visual Studio Solution File, Format Version 12.00
# Visual Studio Version 16
VisualStudioVersion = 16.0.29409.12
MinimumVisualStudioVersion = 10.0.40219.1
Project("{FAE04EC0-301F-11D3-BF4B-00C04F79EFBC}") = "TheDinerConsole", "TheDinerConsole\TheDinerConsole.csproj", "{15AB2429-F06D-4CE5-9564-BE1D074B0265}"
EndProject
Global
	GlobalSection(SolutionConfigurationPlatforms) = preSolution
		Debug|Any CPU = Debug|Any CPU
		Release|Any CPU = Release|Any CPU
	EndGlobalSection
	GlobalSection(ProjectConfigurationPlatforms) = postSolution
		{15AB2429-F06D-4CE5-9564-BE1D074B0265}.Debug|Any CPU.ActiveCfg = Debug|Any CPU
		{15AB2429-F06D-4CE5-9564-BE1D074B0265}.Debug|Any CPU.Build.0 = Debug|Any CPU
		{15AB2429-F06D-4CE5-9564-BE1D074B0265}.Release|Any CPU.ActiveCfg = Release|Any CPU
		{15AB2429-F06D-4CE5-9564-BE1D074B0265}.Release|Any CPU.Build.0 = Release|Any CPU
	EndGlobalSection
	GlobalSection(SolutionProperties) = preSolution
		HideSolutionNode = FALSE
	EndGlobalSection
	GlobalSection(ExtensibilityGlobals) = postSolution
		SolutionGuid = {DD4DCE3F-AEC4-4E55-AADE-73FDF323F1B5}
	EndGlobalSection
EndGlobal
